060b88bcdf9868fef55c9130a85cfc24505ddd39149f832a840d9aee13275792  scenarios/labels/bad-deploy-01.yaml
87c282d1e3d78841f7e016e8eb256d7c3f1522d5f10650708731f754fb2809c0  scenarios/labels/downstream-timeout-01.yaml
679197a2ad90f9f5bd0f8f67b7d4973bb846ed2fc4947286d164dcf510ffb088  scenarios/labels/memory-leak-01.yaml
3bb45bedeeab213898d51753a229f91076fb50c2cced3b570eba4d918ac98a07  scenarios/labels/pool-exhaustion-01.yaml
0a87bdf9184514178f95aba000ac5d8e0641278505e31dfb2d0136402229cd67  scenarios/labels/slow-query-01.yaml
634a231158f7909d8f94ffc93811d025d7cdca3270abf040241df4e2df511e67  scenarios/snapshots/bad-deploy-01/alert.json
8c97a0313bb14dfe11052fad270d5c785c3deaae5afc420ad65c15289e843fc7  scenarios/snapshots/bad-deploy-01/deploys.json
840e520fa2ee067243835f5d2feb5b862d81b5c3369728d13002852abf03d850  scenarios/snapshots/bad-deploy-01/logs.jsonl
0fcefe8af432dc3e3b7d9ca1ff9ab69189cbef6b34a8e564a51a7d60e09388bc  scenarios/snapshots/bad-deploy-01/meta.json
fc6e8208b7deb1ef9166099b4da26637278b902bf024a727c430d9c5af3e8b59  scenarios/snapshots/bad-deploy-01/metrics.json
c1eca9ac0ee57cbf9dabd94a95f5dbba022737180c7081d1dc197e4669d6919a  scenarios/snapshots/downstream-timeout-01/alert.json
ae399c458047e556195a02b524c4b83296f5d42614099be8ee8f80b35673179d  scenarios/snapshots/downstream-timeout-01/deploys.json
cfa5bc9e62fa01db207f8499ef5b6567a225a06f5f5d0556fbca7201e3658780  scenarios/snapshots/downstream-timeout-01/logs.jsonl
2fc84dd6881b455fd3d52b0bb89ac2a5a26a730d4cd900b7ac6289cecd7610c6  scenarios/snapshots/downstream-timeout-01/meta.json
30b12f329d823cd3405c1e12ae7b7ae3f5e8b6445ca3bb14dd271ac748d0536e  scenarios/snapshots/downstream-timeout-01/metrics.json
5178de20eff435ed90a4ce39e8410cca852bf9d04e0b5dfedd802409ee62cd50  scenarios/snapshots/memory-leak-01/alert.json
efb7077464b8e265fc2055ef347a92fdbb4ee2a4564dc70de5339a74d3bfe16f  scenarios/snapshots/memory-leak-01/deploys.json
f418c56f1a79f829cff201a7758e8539f6b58c27e78b1f9c9c68d8f320dc14f8  scenarios/snapshots/memory-leak-01/logs.jsonl
ca56c9b72e58937f92c48f49616e29ea159d37317b69d1b35b05ef9d209bed94  scenarios/snapshots/memory-leak-01/meta.json
4a6355d36a0fdf512d6d524680306fea58ba13697e6fcdebaceed01cc65f74bd  scenarios/snapshots/memory-leak-01/metrics.json
6afb0a6c6b812f602fff6efdd5f1da01fc168e76b4033a94a9508fc134800331  scenarios/snapshots/pool-exhaustion-01/alert.json
982821bb2b12d150e76a488d6a235f93278c2ee00cc37ab2e247b7f1e5303aca  scenarios/snapshots/pool-exhaustion-01/deploys.json
c1fc85965e5b881e3db76b626ca5253304c8502042b4c70c753a9a695c420dc8  scenarios/snapshots/pool-exhaustion-01/logs.jsonl
9b1d3c015ba3bf06576d5177f1b670bab99fccef9208fd070b55e7eef626e4f2  scenarios/snapshots/pool-exhaustion-01/meta.json
e213ee554744ce377c1a8f4204c39a07c35c5bbe66298141a7a563628403f648  scenarios/snapshots/pool-exhaustion-01/metrics.json
6278bfd4eee5a2fa79873e9c519d0c882b3d98380098b2d740ffa2e4d7f04722  scenarios/snapshots/slow-query-01/alert.json
33be7fd2a6f96672715f4def6a0f5c188252ca46c7f9996d42a148bcd7e68719  scenarios/snapshots/slow-query-01/deploys.json
39923db1eefab7b5370dd2e6f164991901ccd31392a8fdfb3dd7dc0da10f35d9  scenarios/snapshots/slow-query-01/logs.jsonl
c73b772247270b8d24618faa5e2824269c2ddf15d713ad44272f52fbb00acd47  scenarios/snapshots/slow-query-01/meta.json
add2f65e047ed893e7eecf17232ca1e9ae25fb1323162bf0eb52b1882981939b  scenarios/snapshots/slow-query-01/metrics.json
